
Microsoft Visual Studio Solution File, Format Version 12.00
# Visual Studio Version 17
VisualStudioVersion = 17.4.33403.182
MinimumVisualStudioVersion = 10.0.40219.1
Project("{FAE04EC0-301F-11D3-BF4B-00C04F79EFBC}") = "Captcha", "Captcha\Captcha.csproj", "{A7585A80-643D-408B-8440-5B57D65F2134}"
EndProject
Global
	GlobalSection(SolutionConfigurationPlatforms) = preSolution
		Debug|Any CPU = Debug|Any CPU
		Release|Any CPU = Release|Any CPU
	EndGlobalSection
	GlobalSection(ProjectConfigurationPlatforms) = postSolution
		{A7585A80-643D-408B-8440-5B57D65F2134}.Debug|Any CPU.ActiveCfg = Debug|Any CPU
		{A7585A80-643D-408B-8440-5B57D65F2134}.Debug|Any CPU.Build.0 = Debug|Any CPU
		{A7585A80-643D-408B-8440-5B57D65F2134}.Release|Any CPU.ActiveCfg = Release|Any CPU
		{A7585A80-643D-408B-8440-5B57D65F2134}.Release|Any CPU.Build.0 = Release|Any CPU
	EndGlobalSection
	GlobalSection(SolutionProperties) = preSolution
		HideSolutionNode = FALSE
	EndGlobalSection
	GlobalSection(ExtensibilityGlobals) = postSolution
		SolutionGuid = {F430881D-AAF8-4BD1-8680-51089C577DD6}
	EndGlobalSection
EndGlobal
